
Microsoft Visual Studio Solution File, Format Version 12.00
# Visual Studio 15
VisualStudioVersion = 15.0.27130.2027
MinimumVisualStudioVersion = 10.0.40219.1
Project("{FAE04EC0-301F-11D3-BF4B-00C04F79EFBC}") = "Matrix shortest", "Matrix shortest\Matrix shortest.csproj", "{DC93605F-4CF6-4C8E-91EB-C6E6A5C58D6B}"
EndProject
Global
	GlobalSection(SolutionConfigurationPlatforms) = preSolution
		Debug|Any CPU = Debug|Any CPU
		Release|Any CPU = Release|Any CPU
	EndGlobalSection
	GlobalSection(ProjectConfigurationPlatforms) = postSolution
		{DC93605F-4CF6-4C8E-91EB-C6E6A5C58D6B}.Debug|Any CPU.ActiveCfg = Debug|Any CPU
		{DC93605F-4CF6-4C8E-91EB-C6E6A5C58D6B}.Debug|Any CPU.Build.0 = Debug|Any CPU
		{DC93605F-4CF6-4C8E-91EB-C6E6A5C58D6B}.Release|Any CPU.ActiveCfg = Release|Any CPU
		{DC93605F-4CF6-4C8E-91EB-C6E6A5C58D6B}.Release|Any CPU.Build.0 = Release|Any CPU
	EndGlobalSection
	GlobalSection(SolutionProperties) = preSolution
		HideSolutionNode = FALSE
	EndGlobalSection
	GlobalSection(ExtensibilityGlobals) = postSolution
		SolutionGuid = {E281FC71-FCAA-4499-BF66-84058758B275}
	EndGlobalSection
EndGlobal
